
Microsoft Visual Studio Solution File, Format Version 12.00
# Visual Studio Version 16
VisualStudioVersion = 16.0.31129.286
MinimumVisualStudioVersion = 10.0.40219.1
Project("{FAE04EC0-301F-11D3-BF4B-00C04F79EFBC}") = "DIEngine", "DIEngine\DIEngine.csproj", "{530BFABF-CDEE-4A92-A5C0-C578DB23D6FA}"
EndProject
Global
	GlobalSection(SolutionConfigurationPlatforms) = preSolution
		Debug|Any CPU = Debug|Any CPU
		Release|Any CPU = Release|Any CPU
	EndGlobalSection
	GlobalSection(ProjectConfigurationPlatforms) = postSolution
		{530BFABF-CDEE-4A92-A5C0-C578DB23D6FA}.Debug|Any CPU.ActiveCfg = Debug|Any CPU
		{530BFABF-CDEE-4A92-A5C0-C578DB23D6FA}.Debug|Any CPU.Build.0 = Debug|Any CPU
		{530BFABF-CDEE-4A92-A5C0-C578DB23D6FA}.Release|Any CPU.ActiveCfg = Release|Any CPU
		{530BFABF-CDEE-4A92-A5C0-C578DB23D6FA}.Release|Any CPU.Build.0 = Release|Any CPU
	EndGlobalSection
	GlobalSection(SolutionProperties) = preSolution
		HideSolutionNode = FALSE
	EndGlobalSection
	GlobalSection(ExtensibilityGlobals) = postSolution
		SolutionGuid = {A43734A2-3D5B-4C41-A382-DAC5DDAA1C7B}
	EndGlobalSection
EndGlobal
